PODS:
  - DSFloatingButton (0.1.0)
  - FBSnapshotTestCase (2.1.4):
    - FBSnapshotTestCase/SwiftSupport (= 2.1.4)
  - FBSnapshotTestCase/Core (2.1.4)
  - FBSnapshotTestCase/SwiftSupport (2.1.4):
    - FBSnapshotTestCase/Core

DEPENDENCIES:
  - DSFloatingButton (from `../`)
  - FBSnapshotTestCase (~> 2.1.4)

SPEC REPOS:
  https://github.com/cocoapods/specs.git:
    - FBSnapshotTestCase

EXTERNAL SOURCES:
  DSFloatingButton:
    :path: "../"

SPEC CHECKSUMS:
  DSFloatingButton: d7282f40e3eb6c87327f0fecde7cdfc69fad1beb
  FBSnapshotTestCase: 094f9f314decbabe373b87cc339bea235a63e07a

PODFILE CHECKSUM: 705a4bccb2cd3d87bb2813d1ebe80c08ed6bf6a5

COCOAPODS: 1.5.3
